<Solution>
  <Folder Name="/src/">
    <Project Path="src/ModularShop.Server/ModularShop.Server.csproj" />
  </Folder>
  <Folder Name="/src/Kernel/">
    <Project Path="src/Kernel/ModularShop.Kernel.Domain/ModularShop.Kernel.Domain.csproj" />
    <Project Path="src/Kernel/ModularShop.Kernel.Application/ModularShop.Kernel.Application.csproj" />
    <Project Path="src/Kernel/ModularShop.Kernel.Infrastructure/ModularShop.Kernel.Infrastructure.csproj" />
    <Project Path="src/Kernel/ModularShop.Kernel.Web/ModularShop.Kernel.Web.csproj" />
  </Folder>
  <Folder Name="/src/Modules/" />
  <Folder Name="/src/Modules/Sales/">
    <Project Path="src/Modules/Sales/ModularShop.Modules.Sales.Contracts/ModularShop.Modules.Sales.Contracts.csproj" />
    <Project Path="src/Modules/Sales/ModularShop.Modules.Sales.Domain/ModularShop.Modules.Sales.Domain.csproj" />
    <Project Path="src/Modules/Sales/ModularShop.Modules.Sales.Application/ModularShop.Modules.Sales.Application.csproj" />
    <Project Path="src/Modules/Sales/ModularShop.Modules.Sales.Infrastructure/ModularShop.Modules.Sales.Infrastructure.csproj" />
    <Project Path="src/Modules/Sales/ModularShop.Modules.Sales.Api/ModularShop.Modules.Sales.Api.csproj" />
  </Folder>
  <Folder Name="/src/Modules/Warehouse/">
    <Project Path="src/Modules/Warehouse/ModularShop.Modules.Warehouse.Contracts/ModularShop.Modules.Warehouse.Contracts.csproj" />
    <Project Path="src/Modules/Warehouse/ModularShop.Modules.Warehouse.Domain/ModularShop.Modules.Warehouse.Domain.csproj" />
    <Project Path="src/Modules/Warehouse/ModularShop.Modules.Warehouse.Application/ModularShop.Modules.Warehouse.Application.csproj" />
    <Project Path="src/Modules/Warehouse/ModularShop.Modules.Warehouse.Infrastructure/ModularShop.Modules.Warehouse.Infrastructure.csproj" />
    <Project Path="src/Modules/Warehouse/ModularShop.Modules.Warehouse.Api/ModularShop.Modules.Warehouse.Api.csproj" />
  </Folder>
  <Folder Name="/src/Modules/Shipping/">
    <Project Path="src/Modules/Shipping/ModularShop.Modules.Shipping.Domain/ModularShop.Modules.Shipping.Domain.csproj" />
    <Project Path="src/Modules/Shipping/ModularShop.Modules.Shipping.Application/ModularShop.Modules.Shipping.Application.csproj" />
    <Project Path="src/Modules/Shipping/ModularShop.Modules.Shipping.Infrastructure/ModularShop.Modules.Shipping.Infrastructure.csproj" />
    <Project Path="src/Modules/Shipping/ModularShop.Modules.Shipping.Api/ModularShop.Modules.Shipping.Api.csproj" />
  </Folder>
  <Folder Name="/src/Modules/Support/">
    <Project Path="src/Modules/Support/ModularShop.Modules.Support.Domain/ModularShop.Modules.Support.Domain.csproj" />
    <Project Path="src/Modules/Support/ModularShop.Modules.Support.Application/ModularShop.Modules.Support.Application.csproj" />
    <Project Path="src/Modules/Support/ModularShop.Modules.Support.Infrastructure/ModularShop.Modules.Support.Infrastructure.csproj" />
    <Project Path="src/Modules/Support/ModularShop.Modules.Support.Api/ModularShop.Modules.Support.Api.csproj" />
  </Folder>
</Solution>
